
Microsoft Visual Studio Solution File, Format Version 12.00
# Visual Studio 15
VisualStudioVersion = 15.0.27130.2010
MinimumVisualStudioVersion = 10.0.40219.1
Project("{FAE04EC0-301F-11D3-BF4B-00C04F79EFBC}") = "Algorithms", "Algorithms\Algorithms.csproj", "{9C695F24-9290-436F-BD44-FCECEE11CA79}"
EndProject
Project("{FAE04EC0-301F-11D3-BF4B-00C04F79EFBC}") = "UnitTestAlgorithms", "UnitTestAlgorithms\UnitTestAlgorithms.csproj", "{C62E913B-CFE6-41B3-A354-B69CF332C3F7}"
EndProject
Global
	GlobalSection(SolutionConfigurationPlatforms) = preSolution
		Debug|Any CPU = Debug|Any CPU
		Release|Any CPU = Release|Any CPU
	EndGlobalSection
	GlobalSection(ProjectConfigurationPlatforms) = postSolution
		{9C695F24-9290-436F-BD44-FCECEE11CA79}.Debug|Any CPU.ActiveCfg = Debug|Any CPU
		{9C695F24-9290-436F-BD44-FCECEE11CA79}.Debug|Any CPU.Build.0 = Debug|Any CPU
		{9C695F24-9290-436F-BD44-FCECEE11CA79}.Release|Any CPU.ActiveCfg = Release|Any CPU
		{9C695F24-9290-436F-BD44-FCECEE11CA79}.Release|Any CPU.Build.0 = Release|Any CPU
		{C62E913B-CFE6-41B3-A354-B69CF332C3F7}.Debug|Any CPU.ActiveCfg = Debug|Any CPU
		{C62E913B-CFE6-41B3-A354-B69CF332C3F7}.Debug|Any CPU.Build.0 = Debug|Any CPU
		{C62E913B-CFE6-41B3-A354-B69CF332C3F7}.Release|Any CPU.ActiveCfg = Release|Any CPU
		{C62E913B-CFE6-41B3-A354-B69CF332C3F7}.Release|Any CPU.Build.0 = Release|Any CPU
	EndGlobalSection
	GlobalSection(SolutionProperties) = preSolution
		HideSolutionNode = FALSE
	EndGlobalSection
	GlobalSection(ExtensibilityGlobals) = postSolution
		SolutionGuid = {1AEB0E01-20D7-445B-848F-42C3F8C0E79A}
	EndGlobalSection
EndGlobal
